
Microsoft Visual Studio Solution File, Format Version 11.00
# Visual C# Express 2010
Project("{FAE04EC0-301F-11D3-BF4B-00C04F79EFBC}") = "WindowsGame1", "WindowsGame1\WindowsGame1\WindowsGame1.csproj", "{29F4BCD7-317F-4E44-BCBE-5F310D772453}"
EndProject
Project("{96E2B04D-8817-42C6-938A-82C39BA4D311}") = "WindowsGame1Content", "WindowsGame1\WindowsGame1Content\WindowsGame1Content.contentproj", "{2937300F-7B18-4832-9844-4D0E8A78718E}"
EndProject
Global
	GlobalSection(SolutionConfigurationPlatforms) = preSolution
		Debug|x86 = Debug|x86
		Release|x86 = Release|x86
	EndGlobalSection
	GlobalSection(ProjectConfigurationPlatforms) = postSolution
		{29F4BCD7-317F-4E44-BCBE-5F310D772453}.Debug|x86.ActiveCfg = Debug|x86
		{29F4BCD7-317F-4E44-BCBE-5F310D772453}.Debug|x86.Build.0 = Debug|x86
		{29F4BCD7-317F-4E44-BCBE-5F310D772453}.Release|x86.ActiveCfg = Release|x86
		{29F4BCD7-317F-4E44-BCBE-5F310D772453}.Release|x86.Build.0 = Release|x86
		{2937300F-7B18-4832-9844-4D0E8A78718E}.Debug|x86.ActiveCfg = Debug|x86
		{2937300F-7B18-4832-9844-4D0E8A78718E}.Release|x86.ActiveCfg = Release|x86
	EndGlobalSection
	GlobalSection(SolutionProperties) = preSolution
		HideSolutionNode = FALSE
	EndGlobalSection
EndGlobal
