
Microsoft Visual Studio Solution File, Format Version 11.00
# Visual C# Express 2010
Project("{FAE04EC0-301F-11D3-BF4B-00C04F79EFBC}") = "3dGameTest001", "3dGameTest001\3dGameTest001\3dGameTest001.csproj", "{B19D6DE1-5413-4DDA-856D-0DFDED37FD70}"
EndProject
Project("{96E2B04D-8817-42C6-938A-82C39BA4D311}") = "3dGameTest001Content", "3dGameTest001\3dGameTest001Content\3dGameTest001Content.contentproj", "{DE1A4027-A2DC-406A-94E5-47C6558AC598}"
EndProject
Global
	GlobalSection(SolutionConfigurationPlatforms) = preSolution
		Debug|x86 = Debug|x86
		Release|x86 = Release|x86
	EndGlobalSection
	GlobalSection(ProjectConfigurationPlatforms) = postSolution
		{B19D6DE1-5413-4DDA-856D-0DFDED37FD70}.Debug|x86.ActiveCfg = Debug|x86
		{B19D6DE1-5413-4DDA-856D-0DFDED37FD70}.Debug|x86.Build.0 = Debug|x86
		{B19D6DE1-5413-4DDA-856D-0DFDED37FD70}.Release|x86.ActiveCfg = Release|x86
		{B19D6DE1-5413-4DDA-856D-0DFDED37FD70}.Release|x86.Build.0 = Release|x86
		{DE1A4027-A2DC-406A-94E5-47C6558AC598}.Debug|x86.ActiveCfg = Debug|x86
		{DE1A4027-A2DC-406A-94E5-47C6558AC598}.Release|x86.ActiveCfg = Release|x86
	EndGlobalSection
	GlobalSection(SolutionProperties) = preSolution
		HideSolutionNode = FALSE
	EndGlobalSection
EndGlobal
